PODS:
  - AMap3DMap (7.2.0):
    - AMapFoundation (~> 1.5)
  - AMapFoundation (1.6.2)
  - MAGPSEmulator (0.1.0)

DEPENDENCIES:
  - AMap3DMap
  - MAGPSEmulator (from `../`)

SPEC REPOS:
  trunk:
    - AMap3DMap
    - AMapFoundation

EXTERNAL SOURCES:
  MAGPSEmulator:
    :path: "../"

SPEC CHECKSUMS:
  AMap3DMap: be13191194c9aeb29a67d9d3e9a797588fb329aa
  AMapFoundation: 672dc3a4759cb733f447c1e1b020f7ba2729f4ab
  MAGPSEmulator: 22576f94608a2d97830132fbb158b21d1567b2c9

PODFILE CHECKSUM: 52dd1c5e4fe39986aad43c634010623746ab3d7e

COCOAPODS: 1.10.0
