PODS:
  - AMap3DMap (7.2.0):
    - AMapFoundation (~> 1.5)
  - AMapFoundation (1.6.2)
  - MAGPSEmulator (0.1.0)

DEPENDENCIES:
  - AMap3DMap
  - MAGPSEmulator (from `../`)

SPEC REPOS:
  trunk:
    - AMap3DMap
    - AMapFoundation

EXTERNAL SOURCES:
  MAGPSEmulator:
    :path: "../"

SPEC CHECKSUMS:
  AMap3DMap: be13191194c9aeb29a67d9d3e9a797588fb329aa
  AMapFoundation: 672dc3a4759cb733f447c1e1b020f7ba2729f4ab
  MAGPSEmulator: 4905943b9201c1f6899c0f97536572e5889add00

PODFILE CHECKSUM: 99a7adf2c0216f466285ada06219036bf4812df8

COCOAPODS: 1.8.4
